
Microsoft Visual Studio Solution File, Format Version 11.00
# Visual Studio 2010
Project("{FAE04EC0-301F-11D3-BF4B-00C04F79EFBC}") = "SAS", "SAS\SAS.csproj", "{AE20C8BC-F9D2-41B9-999E-DA8D0B1E6299}"
EndProject
Project("{54435603-DBB4-11D2-8724-00A0C9A8B90C}") = "网络监控安装", "网络监控安装\网络监控安装.vdproj", "{C13C7F4E-FCC6-4FE1-A2DC-CE29918EF678}"
EndProject
Global
	GlobalSection(SolutionConfigurationPlatforms) = preSolution
		Debug|x86 = Debug|x86
		Release|x86 = Release|x86
	EndGlobalSection
	GlobalSection(ProjectConfigurationPlatforms) = postSolution
		{AE20C8BC-F9D2-41B9-999E-DA8D0B1E6299}.Debug|x86.ActiveCfg = Debug|x86
		{AE20C8BC-F9D2-41B9-999E-DA8D0B1E6299}.Debug|x86.Build.0 = Debug|x86
		{AE20C8BC-F9D2-41B9-999E-DA8D0B1E6299}.Release|x86.ActiveCfg = Release|x86
		{AE20C8BC-F9D2-41B9-999E-DA8D0B1E6299}.Release|x86.Build.0 = Release|x86
		{C13C7F4E-FCC6-4FE1-A2DC-CE29918EF678}.Debug|x86.ActiveCfg = Debug
		{C13C7F4E-FCC6-4FE1-A2DC-CE29918EF678}.Release|x86.ActiveCfg = Release
	EndGlobalSection
	GlobalSection(SolutionProperties) = preSolution
		HideSolutionNode = FALSE
	EndGlobalSection
EndGlobal
